
Microsoft Visual Studio Solution File, Format Version 12.00
# Visual Studio 15
VisualStudioVersion = 15.0.28010.2050
MinimumVisualStudioVersion = 10.0.40219.1
Project("{9A19103F-16F7-4668-BE54-9A1E7A4F7556}") = "DatingApp.API", "DatingApp.API.csproj", "{F78A5A3F-0AC6-4B5B-A290-50DE23B81A57}"
EndProject
Global
	GlobalSection(SolutionConfigurationPlatforms) = preSolution
		Debug|Any CPU = Debug|Any CPU
		Release|Any CPU = Release|Any CPU
	EndGlobalSection
	GlobalSection(ProjectConfigurationPlatforms) = postSolution
		{F78A5A3F-0AC6-4B5B-A290-50DE23B81A57}.Debug|Any CPU.ActiveCfg = Debug|Any CPU
		{F78A5A3F-0AC6-4B5B-A290-50DE23B81A57}.Debug|Any CPU.Build.0 = Debug|Any CPU
		{F78A5A3F-0AC6-4B5B-A290-50DE23B81A57}.Release|Any CPU.ActiveCfg = Release|Any CPU
		{F78A5A3F-0AC6-4B5B-A290-50DE23B81A57}.Release|Any CPU.Build.0 = Release|Any CPU
	EndGlobalSection
	GlobalSection(SolutionProperties) = preSolution
		HideSolutionNode = FALSE
	EndGlobalSection
	GlobalSection(ExtensibilityGlobals) = postSolution
		SolutionGuid = {3C84CA2B-E2A4-4E17-A0E2-5883137D2A4F}
	EndGlobalSection
EndGlobal
